github.com/go-kit/log v0.2.0 h1:7i2K3eKTos3Vc0enKCfnVcgHh2olr/MyfboYq7cAcFw=
github.com/go-kit/log v0.2.0/go.mod h1:NwTd00d/i8cPZ3xOwwiv2PO5MOcx78fFErGNcVmBjv0=
github.com/go-logfmt/logfmt v0.5.0/go.mod h1:wCYkCAKZfumFQihp8CzCvQ3paCTfi41vtzG1KdI/P7A=
github.com/go-logfmt/logfmt v0.5.1 h1:otpy5pqBCBZ1ng9RQ0dPu4PN7ba75Y/aA+UpowDyNVA=
github.com/go-logfmt/logfmt v0.5.1/go.mod h1:WYhtIu8zTZfxdn5+rREduYbwxfcBr/Vr6KEVveWlfTs=
github.com/godror/godror v0.27.0 h1:6NMATDHqKkvzD1AwPQVFR/plWHkw5MOK3j8myzvJaMw=
github.com/godror/godror v0.27.0/go.mod h1:1QCn6oXh3r+IlB3DLE8V6qkHXLSHd18a3Hw7szQ9/3Y=
github.com/godror/godror v0.27.1 h1:6zu3PubI9JtLAOQXVn5CiV6aL36m7EQvhUgQgoeezRA=
github.com/godror/godror v0.27.1/go.mod h1:1QCn6oXh3r+IlB3DLE8V6qkHXLSHd18a3Hw7szQ9/3Y=
github.com/godror/godror v0.27.2-0.20211008064957-72617dba6096 h1:V4uJlm19ZXKJgEuJwXzTiTCSDFNCzKRjuN4P2dlNjYs=
github.com/godror/godror v0.27.2-0.20211008064957-72617dba6096/go.mod h1:1QCn6oXh3r+IlB3DLE8V6qkHXLSHd18a3Hw7szQ9/3Y=
github.com/godror/godror v0.28.0 h1:p2k4jgwBHz1POimLksscY9sHpiLyAkIsesRKx0jZRgE=
github.com/godror/godror v0.28.0/go.mod h1:1QCn6oXh3r+IlB3DLE8V6qkHXLSHd18a3Hw7szQ9/3Y=
github.com/golang/protobuf v1.5.0/go.mod h1:FsONVRAS9T7sI+LIUmWTfcYkHO4aIWwzhcaSAoJOfIk=
github.com/google/go-cmp v0.5.5 h1:Khx7svrCpmxxtHBq5j2mp/xVjsi8hQMfNLvJFAlrGgU=
github.com/google/go-cmp v0.5.5/go.mod h1:v8dTdLbMG2kIc/vJvl+f65V22dbkXbowE6jgT/gNBxE=
github.com/nsqio/go-diskqueue v1.0.0 h1:XRqpx7zTMu9yNVH+cHvA5jEiPNKoYcyEsCVqXP3eFg4=
github.com/nsqio/go-diskqueue v1.0.0/go.mod h1:INuJIxl4ayUsyoNtHL5+9MFPDfSZ0zY93hNY6vhBRsI=
golang.org/x/sync v0.0.0-20190911185100-cd5d95a43a6e/go.mod h1:RxMgew5VJxzue5/jJTE5uejpjVlOe/izrB70Jof72aM=
golang.org/x/sync v0.0.0-20210220032951-036812b2e83c h1:5KslGYwFpkhGh+Q16bwMP3cOontH8FOep7tGV86Y7SQ=
golang.org/x/sync v0.0.0-20210220032951-036812b2e83c/go.mod h1:RxMgew5VJxzue5/jJTE5uejpjVlOe/izrB70Jof72aM=
golang.org/x/text v0.3.7 h1:olpwvP2KacW1ZWvsR7uQhoyTYvKAupfQrRGBFM352Gk=
golang.org/x/text v0.3.7/go.mod h1:u+2+/6zg+i71rQMx5EYifcz6MCKuco9NR6JIITiCfzQ=
golang.org/x/tools v0.0.0-20180917221912-90fa682c2a6e/go.mod h1:n7NCudcB/nEzxVGmLbDWY5pfWTLqBcC2KZ6jyYvM4mQ=
golang.org/x/xerrors v0.0.0-20191204190536-9bdfabe68543 h1:E7g+9GITq07hpfrRu66IVDexMakfv52eLZ2CXBWiKr4=
golang.org/x/xerrors v0.0.0-20191204190536-9bdfabe68543/go.mod h1:I/5z698sn9Ka8TeJc9MKroUUfqBBauWjQqLJ2OPfmY0=
google.golang.org/protobuf v1.26.0-rc.1/go.mod h1:jlhhOSvTdKEhbULTjvd4ARK9grFBp09yW+WbY/TyQbw=
google.golang.org/protobuf v1.27.1 h1:SnqbnDw1V7RiZcXPx5MEeqPv2s79L9i7BJUlG/+RurQ=
google.golang.org/protobuf v1.27.1/go.mod h1:9q0QmTI4eRPtz6boOQmLYwt+qCgq0jsYwAQnmE0givc=
